Microsoft Visual Studio Solution File, Format Version 12.00
# Visual Studio 2012
Project("{FAE04EC0-301F-11D3-BF4B-00C04F79EFBC}") = "Physical Light and Camera Units", "Physical Light and Camera Units.csproj", "{8C3F0A22-1E86-43F9-AA07-3AB91E4A2929}"
EndProject
Project("{2150E333-8FDC-42A3-9474-1A3956D46DE8}") = "src", "src", "{80A1D4DB-B7B8-4AEC-8D5E-C7186D0FC571}"
EndProject
Project("{FAE04EC0-301F-11D3-BF4B-00C04F79EFBC}") = "XPrimeRay.Core", "src\XPrimeRay.Core\XPrimeRay.Core.csproj", "{5CCBD102-8E05-4515-881D-F276651F99CE}"
EndProject
Project("{FAE04EC0-301F-11D3-BF4B-00C04F79EFBC}") = "XPrimeRay.Testbench.Cli", "src\XPrimeRay.Testbench.Cli\XPrimeRay.Testbench.Cli.csproj", "{5D354FA4-1E12-4120-A7D1-7BECF716AF99}"
EndProject
Project("{FAE04EC0-301F-11D3-BF4B-00C04F79EFBC}") = "XPrimeRay.ObserverInstrumentation", "src\XPrimeRay.ObserverInstrumentation\XPrimeRay.ObserverInstrumentation.csproj", "{7413C6DE-D798-40E3-9D88-EE9D788C665A}"
EndProject
Project("{FAE04EC0-301F-11D3-BF4B-00C04F79EFBC}") = "XPrimeRay.ObserverInstrumentation.Tests", "src\XPrimeRay.ObserverInstrumentation.Tests\XPrimeRay.ObserverInstrumentation.Tests.csproj", "{F7A8F8EC-511F-4E7F-99E1-AC7AC110031D}"
EndProject
Project("{FAE04EC0-301F-11D3-BF4B-00C04F79EFBC}") = "XPrimeRay.ObservationLayer", "src\XPrimeRay.ObservationLayer\XPrimeRay.ObservationLayer.csproj", "{E3181D8C-E3B8-46F5-B5A8-19CE88F7BA87}"
EndProject
Project("{FAE04EC0-301F-11D3-BF4B-00C04F79EFBC}") = "XPrimeRay.ObservationLayer.Tests", "src\XPrimeRay.ObservationLayer.Tests\XPrimeRay.ObservationLayer.Tests.csproj", "{CCD60ED6-9B0A-427E-A5B3-D8A9EB23E2FA}"
EndProject
Global
	GlobalSection(SolutionConfigurationPlatforms) = preSolution
		Debug|Any CPU = Debug|Any CPU
		ExportDebug|Any CPU = ExportDebug|Any CPU
		ExportRelease|Any CPU = ExportRelease|Any CPU
	EndGlobalSection
	GlobalSection(ProjectConfigurationPlatforms) = postSolution
		{8C3F0A22-1E86-43F9-AA07-3AB91E4A2929}.Debug|Any CPU.ActiveCfg = Debug|Any CPU
		{8C3F0A22-1E86-43F9-AA07-3AB91E4A2929}.Debug|Any CPU.Build.0 = Debug|Any CPU
		{8C3F0A22-1E86-43F9-AA07-3AB91E4A2929}.ExportDebug|Any CPU.ActiveCfg = ExportDebug|Any CPU
		{8C3F0A22-1E86-43F9-AA07-3AB91E4A2929}.ExportDebug|Any CPU.Build.0 = ExportDebug|Any CPU
		{8C3F0A22-1E86-43F9-AA07-3AB91E4A2929}.ExportRelease|Any CPU.ActiveCfg = ExportRelease|Any CPU
		{8C3F0A22-1E86-43F9-AA07-3AB91E4A2929}.ExportRelease|Any CPU.Build.0 = ExportRelease|Any CPU
		{5CCBD102-8E05-4515-881D-F276651F99CE}.Debug|Any CPU.ActiveCfg = Debug|Any CPU
		{5CCBD102-8E05-4515-881D-F276651F99CE}.Debug|Any CPU.Build.0 = Debug|Any CPU
		{5CCBD102-8E05-4515-881D-F276651F99CE}.ExportDebug|Any CPU.ActiveCfg = Debug|Any CPU
		{5CCBD102-8E05-4515-881D-F276651F99CE}.ExportDebug|Any CPU.Build.0 = Debug|Any CPU
		{5CCBD102-8E05-4515-881D-F276651F99CE}.ExportRelease|Any CPU.ActiveCfg = Release|Any CPU
		{5CCBD102-8E05-4515-881D-F276651F99CE}.ExportRelease|Any CPU.Build.0 = Release|Any CPU
		{5D354FA4-1E12-4120-A7D1-7BECF716AF99}.Debug|Any CPU.ActiveCfg = Debug|Any CPU
		{5D354FA4-1E12-4120-A7D1-7BECF716AF99}.Debug|Any CPU.Build.0 = Debug|Any CPU
		{5D354FA4-1E12-4120-A7D1-7BECF716AF99}.ExportDebug|Any CPU.ActiveCfg = Debug|Any CPU
		{5D354FA4-1E12-4120-A7D1-7BECF716AF99}.ExportDebug|Any CPU.Build.0 = Debug|Any CPU
		{5D354FA4-1E12-4120-A7D1-7BECF716AF99}.ExportRelease|Any CPU.ActiveCfg = Release|Any CPU
		{5D354FA4-1E12-4120-A7D1-7BECF716AF99}.ExportRelease|Any CPU.Build.0 = Release|Any CPU
		{7413C6DE-D798-40E3-9D88-EE9D788C665A}.Debug|Any CPU.ActiveCfg = Debug|Any CPU
		{7413C6DE-D798-40E3-9D88-EE9D788C665A}.Debug|Any CPU.Build.0 = Debug|Any CPU
		{7413C6DE-D798-40E3-9D88-EE9D788C665A}.ExportDebug|Any CPU.ActiveCfg = Debug|Any CPU
		{7413C6DE-D798-40E3-9D88-EE9D788C665A}.ExportDebug|Any CPU.Build.0 = Debug|Any CPU
		{7413C6DE-D798-40E3-9D88-EE9D788C665A}.ExportRelease|Any CPU.ActiveCfg = Debug|Any CPU
		{7413C6DE-D798-40E3-9D88-EE9D788C665A}.ExportRelease|Any CPU.Build.0 = Debug|Any CPU
		{F7A8F8EC-511F-4E7F-99E1-AC7AC110031D}.Debug|Any CPU.ActiveCfg = Debug|Any CPU
		{F7A8F8EC-511F-4E7F-99E1-AC7AC110031D}.Debug|Any CPU.Build.0 = Debug|Any CPU
		{F7A8F8EC-511F-4E7F-99E1-AC7AC110031D}.ExportDebug|Any CPU.ActiveCfg = Debug|Any CPU
		{F7A8F8EC-511F-4E7F-99E1-AC7AC110031D}.ExportDebug|Any CPU.Build.0 = Debug|Any CPU
		{F7A8F8EC-511F-4E7F-99E1-AC7AC110031D}.ExportRelease|Any CPU.ActiveCfg = Debug|Any CPU
		{F7A8F8EC-511F-4E7F-99E1-AC7AC110031D}.ExportRelease|Any CPU.Build.0 = Debug|Any CPU
		{E3181D8C-E3B8-46F5-B5A8-19CE88F7BA87}.Debug|Any CPU.ActiveCfg = Debug|Any CPU
		{E3181D8C-E3B8-46F5-B5A8-19CE88F7BA87}.Debug|Any CPU.Build.0 = Debug|Any CPU
		{E3181D8C-E3B8-46F5-B5A8-19CE88F7BA87}.ExportDebug|Any CPU.ActiveCfg = Debug|Any CPU
		{E3181D8C-E3B8-46F5-B5A8-19CE88F7BA87}.ExportDebug|Any CPU.Build.0 = Debug|Any CPU
		{E3181D8C-E3B8-46F5-B5A8-19CE88F7BA87}.ExportRelease|Any CPU.ActiveCfg = Debug|Any CPU
		{E3181D8C-E3B8-46F5-B5A8-19CE88F7BA87}.ExportRelease|Any CPU.Build.0 = Debug|Any CPU
		{CCD60ED6-9B0A-427E-A5B3-D8A9EB23E2FA}.Debug|Any CPU.ActiveCfg = Debug|Any CPU
		{CCD60ED6-9B0A-427E-A5B3-D8A9EB23E2FA}.Debug|Any CPU.Build.0 = Debug|Any CPU
		{CCD60ED6-9B0A-427E-A5B3-D8A9EB23E2FA}.ExportDebug|Any CPU.ActiveCfg = Debug|Any CPU
		{CCD60ED6-9B0A-427E-A5B3-D8A9EB23E2FA}.ExportDebug|Any CPU.Build.0 = Debug|Any CPU
		{CCD60ED6-9B0A-427E-A5B3-D8A9EB23E2FA}.ExportRelease|Any CPU.ActiveCfg = Debug|Any CPU
		{CCD60ED6-9B0A-427E-A5B3-D8A9EB23E2FA}.ExportRelease|Any CPU.Build.0 = Debug|Any CPU
	EndGlobalSection
	GlobalSection(NestedProjects) = preSolution
		{5CCBD102-8E05-4515-881D-F276651F99CE} = {80A1D4DB-B7B8-4AEC-8D5E-C7186D0FC571}
		{5D354FA4-1E12-4120-A7D1-7BECF716AF99} = {80A1D4DB-B7B8-4AEC-8D5E-C7186D0FC571}
		{7413C6DE-D798-40E3-9D88-EE9D788C665A} = {80A1D4DB-B7B8-4AEC-8D5E-C7186D0FC571}
		{F7A8F8EC-511F-4E7F-99E1-AC7AC110031D} = {80A1D4DB-B7B8-4AEC-8D5E-C7186D0FC571}
		{E3181D8C-E3B8-46F5-B5A8-19CE88F7BA87} = {80A1D4DB-B7B8-4AEC-8D5E-C7186D0FC571}
		{CCD60ED6-9B0A-427E-A5B3-D8A9EB23E2FA} = {80A1D4DB-B7B8-4AEC-8D5E-C7186D0FC571}
	EndGlobalSection
EndGlobal
